
Microsoft Visual Studio Solution File, Format Version 12.00
# Visual Studio 15
VisualStudioVersion = 15.0.26228.12
MinimumVisualStudioVersion = 10.0.40219.1
Project("{FAE04EC0-301F-11D3-BF4B-00C04F79EFBC}") = "DDD.CommercePoC.Tests", "DDD.CommercePoC.Tests\DDD.CommercePoC.Tests.csproj", "{119E060A-41ED-47AC-87C1-5C7F00E1BE7C}"
EndProject
Project("{2150E333-8FDC-42A3-9474-1A3956D46DE8}") = "Clients", "Clients", "{A8DB2329-46EC-4C2B-B93C-C25FD2070AF8}"
EndProject
Project("{2150E333-8FDC-42A3-9474-1A3956D46DE8}") = "Tests", "Tests", "{1EA61846-3F3E-4536-A1D8-6290BA709B8B}"
EndProject
Project("{FAE04EC0-301F-11D3-BF4B-00C04F79EFBC}") = "DDD.CommercePoC.Web", "DDD.CommercePoC.Web\DDD.CommercePoC.Web.csproj", "{9DDE0655-25DD-4E6D-B12B-F2206DE932BA}"
EndProject
Project("{2150E333-8FDC-42A3-9474-1A3956D46DE8}") = "SharedKernel", "SharedKernel", "{94A0390D-DF21-474F-ABDC-F8A55277AD84}"
EndProject
Project("{FAE04EC0-301F-11D3-BF4B-00C04F79EFBC}") = "DDD.CommercePoC.SharedKernel", "DDD.CommercePoC.SharedKernel\DDD.CommercePoC.SharedKernel.csproj", "{36C45D13-1BB0-4F2F-BC75-DFC2E2248670}"
EndProject
Project("{2150E333-8FDC-42A3-9474-1A3956D46DE8}") = "Shop", "Shop", "{D92229CD-66E6-46A6-A287-3618BDECB363}"
EndProject
Project("{2150E333-8FDC-42A3-9474-1A3956D46DE8}") = "Billing", "Billing", "{3F342CC4-C7EC-4DF4-B81D-8D80B625AE39}"
EndProject
Project("{FAE04EC0-301F-11D3-BF4B-00C04F79EFBC}") = "DDD.CommercePoC.Shop.Core", "DDD.CommercePoC.Shop.Core\DDD.CommercePoC.Shop.Core.csproj", "{6AD18E0F-73BE-4B44-956E-486CBDEBB789}"
EndProject
Project("{FAE04EC0-301F-11D3-BF4B-00C04F79EFBC}") = "DDD.CommercePoC.Shop.Data.Access", "DDD.CommercePoC.Shop.Data.Access\DDD.CommercePoC.Shop.Data.Access.csproj", "{FFE41CD4-7606-40C7-9768-ECA26D81DA8B}"
EndProject
Project("{2150E333-8FDC-42A3-9474-1A3956D46DE8}") = "Infrastructure", "Infrastructure", "{A3090977-6184-41E5-82A2-1DAC994D09D2}"
EndProject
Project("{FAE04EC0-301F-11D3-BF4B-00C04F79EFBC}") = "DDD.CommercePoC.SharedKernel.Data.Access", "DDD.CommercePoC.SharedKernel.Data.Access\DDD.CommercePoC.SharedKernel.Data.Access.csproj", "{2A8231D4-5422-41D2-84D0-3174FA42A775}"
EndProject
Project("{2150E333-8FDC-42A3-9474-1A3956D46DE8}") = "SubDomains", "SubDomains", "{F2E4C79A-AE57-4FEA-B455-6A3C74132D75}"
EndProject
Project("{2150E333-8FDC-42A3-9474-1A3956D46DE8}") = "Shipping", "Shipping", "{DFA20E67-D4C1-4CA2-BDE6-BD16CB13A200}"
EndProject
Project("{FAE04EC0-301F-11D3-BF4B-00C04F79EFBC}") = "DDD.CommercePoC.SharedKernel.Data.Access.Migration", "DDD.CommercePoC.SharedKernel.Data.Access.Migration\DDD.CommercePoC.SharedKernel.Data.Access.Migration.csproj", "{38A010E5-D64C-44CE-8CDF-71D07099B534}"
EndProject
Project("{FAE04EC0-301F-11D3-BF4B-00C04F79EFBC}") = "DDD.CommercePoC.Shop.Tests", "DDD.CommercePoC.Shop.Tests\DDD.CommercePoC.Shop.Tests.csproj", "{E1FB09BD-B084-48CE-B166-308FF8DB8370}"
EndProject
Global
	GlobalSection(SolutionConfigurationPlatforms) = preSolution
		Debug|Any CPU = Debug|Any CPU
		Release|Any CPU = Release|Any CPU
	EndGlobalSection
	GlobalSection(ProjectConfigurationPlatforms) = postSolution
		{119E060A-41ED-47AC-87C1-5C7F00E1BE7C}.Debug|Any CPU.ActiveCfg = Debug|Any CPU
		{119E060A-41ED-47AC-87C1-5C7F00E1BE7C}.Debug|Any CPU.Build.0 = Debug|Any CPU
		{119E060A-41ED-47AC-87C1-5C7F00E1BE7C}.Release|Any CPU.ActiveCfg = Release|Any CPU
		{119E060A-41ED-47AC-87C1-5C7F00E1BE7C}.Release|Any CPU.Build.0 = Release|Any CPU
		{9DDE0655-25DD-4E6D-B12B-F2206DE932BA}.Debug|Any CPU.ActiveCfg = Debug|Any CPU
		{9DDE0655-25DD-4E6D-B12B-F2206DE932BA}.Debug|Any CPU.Build.0 = Debug|Any CPU
		{9DDE0655-25DD-4E6D-B12B-F2206DE932BA}.Release|Any CPU.ActiveCfg = Release|Any CPU
		{9DDE0655-25DD-4E6D-B12B-F2206DE932BA}.Release|Any CPU.Build.0 = Release|Any CPU
		{36C45D13-1BB0-4F2F-BC75-DFC2E2248670}.Debug|Any CPU.ActiveCfg = Debug|Any CPU
		{36C45D13-1BB0-4F2F-BC75-DFC2E2248670}.Debug|Any CPU.Build.0 = Debug|Any CPU
		{36C45D13-1BB0-4F2F-BC75-DFC2E2248670}.Release|Any CPU.ActiveCfg = Release|Any CPU
		{36C45D13-1BB0-4F2F-BC75-DFC2E2248670}.Release|Any CPU.Build.0 = Release|Any CPU
		{6AD18E0F-73BE-4B44-956E-486CBDEBB789}.Debug|Any CPU.ActiveCfg = Debug|Any CPU
		{6AD18E0F-73BE-4B44-956E-486CBDEBB789}.Debug|Any CPU.Build.0 = Debug|Any CPU
		{6AD18E0F-73BE-4B44-956E-486CBDEBB789}.Release|Any CPU.ActiveCfg = Release|Any CPU
		{6AD18E0F-73BE-4B44-956E-486CBDEBB789}.Release|Any CPU.Build.0 = Release|Any CPU
		{FFE41CD4-7606-40C7-9768-ECA26D81DA8B}.Debug|Any CPU.ActiveCfg = Debug|Any CPU
		{FFE41CD4-7606-40C7-9768-ECA26D81DA8B}.Debug|Any CPU.Build.0 = Debug|Any CPU
		{FFE41CD4-7606-40C7-9768-ECA26D81DA8B}.Release|Any CPU.ActiveCfg = Release|Any CPU
		{FFE41CD4-7606-40C7-9768-ECA26D81DA8B}.Release|Any CPU.Build.0 = Release|Any CPU
		{2A8231D4-5422-41D2-84D0-3174FA42A775}.Debug|Any CPU.ActiveCfg = Debug|Any CPU
		{2A8231D4-5422-41D2-84D0-3174FA42A775}.Debug|Any CPU.Build.0 = Debug|Any CPU
		{2A8231D4-5422-41D2-84D0-3174FA42A775}.Release|Any CPU.ActiveCfg = Release|Any CPU
		{2A8231D4-5422-41D2-84D0-3174FA42A775}.Release|Any CPU.Build.0 = Release|Any CPU
		{38A010E5-D64C-44CE-8CDF-71D07099B534}.Debug|Any CPU.ActiveCfg = Debug|Any CPU
		{38A010E5-D64C-44CE-8CDF-71D07099B534}.Debug|Any CPU.Build.0 = Debug|Any CPU
		{38A010E5-D64C-44CE-8CDF-71D07099B534}.Release|Any CPU.ActiveCfg = Release|Any CPU
		{38A010E5-D64C-44CE-8CDF-71D07099B534}.Release|Any CPU.Build.0 = Release|Any CPU
		{E1FB09BD-B084-48CE-B166-308FF8DB8370}.Debug|Any CPU.ActiveCfg = Debug|Any CPU
		{E1FB09BD-B084-48CE-B166-308FF8DB8370}.Debug|Any CPU.Build.0 = Debug|Any CPU
		{E1FB09BD-B084-48CE-B166-308FF8DB8370}.Release|Any CPU.ActiveCfg = Release|Any CPU
		{E1FB09BD-B084-48CE-B166-308FF8DB8370}.Release|Any CPU.Build.0 = Release|Any CPU
	EndGlobalSection
	GlobalSection(SolutionProperties) = preSolution
		HideSolutionNode = FALSE
	EndGlobalSection
	GlobalSection(NestedProjects) = preSolution
		{119E060A-41ED-47AC-87C1-5C7F00E1BE7C} = {1EA61846-3F3E-4536-A1D8-6290BA709B8B}
		{9DDE0655-25DD-4E6D-B12B-F2206DE932BA} = {A8DB2329-46EC-4C2B-B93C-C25FD2070AF8}
		{36C45D13-1BB0-4F2F-BC75-DFC2E2248670} = {94A0390D-DF21-474F-ABDC-F8A55277AD84}
		{D92229CD-66E6-46A6-A287-3618BDECB363} = {F2E4C79A-AE57-4FEA-B455-6A3C74132D75}
		{3F342CC4-C7EC-4DF4-B81D-8D80B625AE39} = {F2E4C79A-AE57-4FEA-B455-6A3C74132D75}
		{6AD18E0F-73BE-4B44-956E-486CBDEBB789} = {D92229CD-66E6-46A6-A287-3618BDECB363}
		{FFE41CD4-7606-40C7-9768-ECA26D81DA8B} = {A3090977-6184-41E5-82A2-1DAC994D09D2}
		{A3090977-6184-41E5-82A2-1DAC994D09D2} = {D92229CD-66E6-46A6-A287-3618BDECB363}
		{2A8231D4-5422-41D2-84D0-3174FA42A775} = {94A0390D-DF21-474F-ABDC-F8A55277AD84}
		{DFA20E67-D4C1-4CA2-BDE6-BD16CB13A200} = {F2E4C79A-AE57-4FEA-B455-6A3C74132D75}
		{38A010E5-D64C-44CE-8CDF-71D07099B534} = {94A0390D-DF21-474F-ABDC-F8A55277AD84}
		{E1FB09BD-B084-48CE-B166-308FF8DB8370} = {A3090977-6184-41E5-82A2-1DAC994D09D2}
	EndGlobalSection
EndGlobal
